// !$*UTF8*$!
{
	archiveVersion = 1;
	classes = {
	};
	objectVersion = 50;
	objects = {

/* Begin PBXBuildFile section */
		E8013C9E209334EC002FF92C /* AppDelegate.swift in Sources */ = {isa = PBXBuildFile; fileRef = E8013C9D209334EC002FF92C /* AppDelegate.swift */; };
		E8013CA5209334ED002FF92C /* Assets.xcassets in Resources */ = {isa = PBXBuildFile; fileRef = E8013CA4209334ED002FF92C /* Assets.xcassets */; };
		E8013CA8209334ED002FF92C /* LaunchScreen.storyboard in Resources */ = {isa = PBXBuildFile; fileRef = E8013CA6209334ED002FF92C /* LaunchScreen.storyboard */; };
		E804692E20A32C3100F4F643 /* HomeViewController.swift in Sources */ = {isa = PBXBuildFile; fileRef = E804692C20A32C3100F4F643 /* HomeViewController.swift */; };
		E804692F20A32C3100F4F643 /* HomeViewController.xib in Resources */ = {isa = PBXBuildFile; fileRef = E804692D20A32C3100F4F643 /* HomeViewController.xib */; };
		E804693220A32EE900F4F643 /* Login.swift in Sources */ = {isa = PBXBuildFile; fileRef = E804693120A32EE900F4F643 /* Login.swift */; };
		E804693520A9827900F4F643 /* SelectClassViewController.swift in Sources */ = {isa = PBXBuildFile; fileRef = E804693320A9827900F4F643 /* SelectClassViewController.swift */; };
		E804693620A9827900F4F643 /* SelectClassViewController.xib in Resources */ = {isa = PBXBuildFile; fileRef = E804693420A9827900F4F643 /* SelectClassViewController.xib */; };
		E804693820A984E200F4F643 /* Classe.swift in Sources */ = {isa = PBXBuildFile; fileRef = E804693720A984E200F4F643 /* Classe.swift */; };
		E831FF2420A1DA5500EC1927 /* LoginViewController.swift in Sources */ = {isa = PBXBuildFile; fileRef = E831FF2220A1DA5500EC1927 /* LoginViewController.swift */; };
		E831FF2520A1DA5500EC1927 /* LoginViewController.xib in Resources */ = {isa = PBXBuildFile; fileRef = E831FF2320A1DA5500EC1927 /* LoginViewController.xib */; };
		E831FF2820A1E21000EC1927 /* SignUpViewController.swift in Sources */ = {isa = PBXBuildFile; fileRef = E831FF2620A1E21000EC1927 /* SignUpViewController.swift */; };
		E831FF2920A1E21000EC1927 /* SignUpViewController.xib in Resources */ = {isa = PBXBuildFile; fileRef = E831FF2720A1E21000EC1927 /* SignUpViewController.xib */; };
		E88F792A20ACCB2800368E48 /* LessonsListViewController.swift in Sources */ = {isa = PBXBuildFile; fileRef = E88F792820ACCB2800368E48 /* LessonsListViewController.swift */; };
		E88F792B20ACCB2800368E48 /* LessonsListViewController.xib in Resources */ = {isa = PBXBuildFile; fileRef = E88F792920ACCB2800368E48 /* LessonsListViewController.xib */; };
		E88F792E20ACCBA100368E48 /* DiscussionsListViewController.swift in Sources */ = {isa = PBXBuildFile; fileRef = E88F792C20ACCBA100368E48 /* DiscussionsListViewController.swift */; };
		E88F792F20ACCBA100368E48 /* DiscussionsListViewController.xib in Resources */ = {isa = PBXBuildFile; fileRef = E88F792D20ACCBA100368E48 /* DiscussionsListViewController.xib */; };
		E88F793220ACCBEA00368E48 /* MessagesListViewController.swift in Sources */ = {isa = PBXBuildFile; fileRef = E88F793020ACCBEA00368E48 /* MessagesListViewController.swift */; };
		E88F793320ACCBEA00368E48 /* MessagesListViewController.xib in Resources */ = {isa = PBXBuildFile; fileRef = E88F793120ACCBEA00368E48 /* MessagesListViewController.xib */; };
		E88F793620ACCC3100368E48 /* QuizListViewController.swift in Sources */ = {isa = PBXBuildFile; fileRef = E88F793420ACCC3100368E48 /* QuizListViewController.swift */; };
		E88F793720ACCC3100368E48 /* QuizListViewController.xib in Resources */ = {isa = PBXBuildFile; fileRef = E88F793520ACCC3100368E48 /* QuizListViewController.xib */; };
		E88F793A20ACCC6600368E48 /* PlanningViewController.swift in Sources */ = {isa = PBXBuildFile; fileRef = E88F793820ACCC6600368E48 /* PlanningViewController.swift */; };
		E88F793B20ACCC6600368E48 /* PlanningViewController.xib in Resources */ = {isa = PBXBuildFile; fileRef = E88F793920ACCC6600368E48 /* PlanningViewController.xib */; };
		E8A13AF420AAE19700717121 /* SplashScreenViewController.swift in Sources */ = {isa = PBXBuildFile; fileRef = E8A13AF220AAE19700717121 /* SplashScreenViewController.swift */; };
		E8A13AF520AAE19700717121 /* SplashScreenViewController.xib in Resources */ = {isa = PBXBuildFile; fileRef = E8A13AF320AAE19700717121 /* SplashScreenViewController.xib */; };
		E8F3130120AB60910016D511 /* CurrentUser.swift in Sources */ = {isa = PBXBuildFile; fileRef = E8F3130020AB60910016D511 /* CurrentUser.swift */; };
		E8F3130320AB69870016D511 /* Discussion.swift in Sources */ = {isa = PBXBuildFile; fileRef = E8F3130220AB69870016D511 /* Discussion.swift */; };
/* End PBXBuildFile section */

/* Begin PBXFileReference section */
		E8013C9A209334EC002FF92C /* ESGI-Pocket.app */ = {isa = PBXFileReference; explicitFileType = wrapper.application; includeInIndex = 0; path = "ESGI-Pocket.app"; sourceTree = BUILT_PRODUCTS_DIR; };
		E8013C9D209334EC002FF92C /* AppDelegate.swift */ = {isa = PBXFileReference; lastKnownFileType = sourcecode.swift; path = AppDelegate.swift; sourceTree = "<group>"; };
		E8013CA4209334ED002FF92C /* Assets.xcassets */ = {isa = PBXFileReference; lastKnownFileType = folder.assetcatalog; path = Assets.xcassets; sourceTree = "<group>"; };
		E8013CA7209334ED002FF92C /* Base */ = {isa = PBXFileReference; lastKnownFileType = file.storyboard; name = Base; path = Base.lproj/LaunchScreen.storyboard; sourceTree = "<group>"; };
		E8013CA9209334ED002FF92C /* Info.plist */ = {isa = PBXFileReference; lastKnownFileType = text.plist.xml; path = Info.plist; sourceTree = "<group>"; };
		E804692C20A32C3100F4F643 /* HomeViewController.swift */ = {isa = PBXFileReference; lastKnownFileType = sourcecode.swift; path = HomeViewController.swift; sourceTree = "<group>"; };
		E804692D20A32C3100F4F643 /* HomeViewController.xib */ = {isa = PBXFileReference; lastKnownFileType = file.xib; path = HomeViewController.xib; sourceTree = "<group>"; };
		E804693120A32EE900F4F643 /* Login.swift */ = {isa = PBXFileReference; lastKnownFileType = sourcecode.swift; path = Login.swift; sourceTree = "<group>"; };
		E804693320A9827900F4F643 /* SelectClassViewController.swift */ = {isa = PBXFileReference; lastKnownFileType = sourcecode.swift; path = SelectClassViewController.swift; sourceTree = "<group>"; };
		E804693420A9827900F4F643 /* SelectClassViewController.xib */ = {isa = PBXFileReference; lastKnownFileType = file.xib; path = SelectClassViewController.xib; sourceTree = "<group>"; };
		E804693720A984E200F4F643 /* Classe.swift */ = {isa = PBXFileReference; lastKnownFileType = sourcecode.swift; path = Classe.swift; sourceTree = "<group>"; };
		E831FF2220A1DA5500EC1927 /* LoginViewController.swift */ = {isa = PBXFileReference; lastKnownFileType = sourcecode.swift; path = LoginViewController.swift; sourceTree = "<group>"; };
		E831FF2320A1DA5500EC1927 /* LoginViewController.xib */ = {isa = PBXFileReference; lastKnownFileType = file.xib; path = LoginViewController.xib; sourceTree = "<group>"; };
		E831FF2620A1E21000EC1927 /* SignUpViewController.swift */ = {isa = PBXFileReference; lastKnownFileType = sourcecode.swift; path = SignUpViewController.swift; sourceTree = "<group>"; };
		E831FF2720A1E21000EC1927 /* SignUpViewController.xib */ = {isa = PBXFileReference; lastKnownFileType = file.xib; path = SignUpViewController.xib; sourceTree = "<group>"; };
		E88F792820ACCB2800368E48 /* LessonsListViewController.swift */ = {isa = PBXFileReference; lastKnownFileType = sourcecode.swift; path = LessonsListViewController.swift; sourceTree = "<group>"; };
		E88F792920ACCB2800368E48 /* LessonsListViewController.xib */ = {isa = PBXFileReference; lastKnownFileType = file.xib; path = LessonsListViewController.xib; sourceTree = "<group>"; };
		E88F792C20ACCBA100368E48 /* DiscussionsListViewController.swift */ = {isa = PBXFileReference; lastKnownFileType = sourcecode.swift; path = DiscussionsListViewController.swift; sourceTree = "<group>"; };
		E88F792D20ACCBA100368E48 /* DiscussionsListViewController.xib */ = {isa = PBXFileReference; lastKnownFileType = file.xib; path = DiscussionsListViewController.xib; sourceTree = "<group>"; };
		E88F793020ACCBEA00368E48 /* MessagesListViewController.swift */ = {isa = PBXFileReference; lastKnownFileType = sourcecode.swift; path = MessagesListViewController.swift; sourceTree = "<group>"; };
		E88F793120ACCBEA00368E48 /* MessagesListViewController.xib */ = {isa = PBXFileReference; lastKnownFileType = file.xib; path = MessagesListViewController.xib; sourceTree = "<group>"; };
		E88F793420ACCC3100368E48 /* QuizListViewController.swift */ = {isa = PBXFileReference; lastKnownFileType = sourcecode.swift; path = QuizListViewController.swift; sourceTree = "<group>"; };
		E88F793520ACCC3100368E48 /* QuizListViewController.xib */ = {isa = PBXFileReference; lastKnownFileType = file.xib; path = QuizListViewController.xib; sourceTree = "<group>"; };
		E88F793820ACCC6600368E48 /* PlanningViewController.swift */ = {isa = PBXFileReference; lastKnownFileType = sourcecode.swift; path = PlanningViewController.swift; sourceTree = "<group>"; };
		E88F793920ACCC6600368E48 /* PlanningViewController.xib */ = {isa = PBXFileReference; lastKnownFileType = file.xib; path = PlanningViewController.xib; sourceTree = "<group>"; };
		E8A13AF220AAE19700717121 /* SplashScreenViewController.swift */ = {isa = PBXFileReference; lastKnownFileType = sourcecode.swift; path = SplashScreenViewController.swift; sourceTree = "<group>"; };
		E8A13AF320AAE19700717121 /* SplashScreenViewController.xib */ = {isa = PBXFileReference; lastKnownFileType = file.xib; path = SplashScreenViewController.xib; sourceTree = "<group>"; };
		E8F3130020AB60910016D511 /* CurrentUser.swift */ = {isa = PBXFileReference; lastKnownFileType = sourcecode.swift; path = CurrentUser.swift; sourceTree = "<group>"; };
		E8F3130220AB69870016D511 /* Discussion.swift */ = {isa = PBXFileReference; lastKnownFileType = sourcecode.swift; path = Discussion.swift; sourceTree = "<group>"; };
/* End PBXFileReference section */

/* Begin PBXFrameworksBuildPhase section */
		E8013C97209334EC002FF92C /* Frameworks */ = {
			isa = PBXFrameworksBuildPhase;
			buildActionMask = 2147483647;
			files = (
			);
			runOnlyForDeploymentPostprocessing = 0;
		};
/* End PBXFrameworksBuildPhase section */

/* Begin PBXGroup section */
		E8013C91209334EC002FF92C = {
			isa = PBXGroup;
			children = (
				E8013C9C209334EC002FF92C /* ESGI-Pocket */,
				E8013C9B209334EC002FF92C /* Products */,
			);
			sourceTree = "<group>";
		};
		E8013C9B209334EC002FF92C /* Products */ = {
			isa = PBXGroup;
			children = (
				E8013C9A209334EC002FF92C /* ESGI-Pocket.app */,
			);
			name = Products;
			sourceTree = "<group>";
		};
		E8013C9C209334EC002FF92C /* ESGI-Pocket */ = {
			isa = PBXGroup;
			children = (
				E813196C20A9EBD0006C83CC /* Controller */,
				E804693020A32EBD00F4F643 /* Model */,
				E831FF1920A1D2F400EC1927 /* View */,
				E8013C9D209334EC002FF92C /* AppDelegate.swift */,
				E8013CA4209334ED002FF92C /* Assets.xcassets */,
				E8013CA9209334ED002FF92C /* Info.plist */,
			);
			path = "ESGI-Pocket";
			sourceTree = "<group>";
		};
		E804693020A32EBD00F4F643 /* Model */ = {
			isa = PBXGroup;
			children = (
				E804693120A32EE900F4F643 /* Login.swift */,
				E804693720A984E200F4F643 /* Classe.swift */,
				E8F3130020AB60910016D511 /* CurrentUser.swift */,
				E8F3130220AB69870016D511 /* Discussion.swift */,
			);
			path = Model;
			sourceTree = "<group>";
		};
		E813196C20A9EBD0006C83CC /* Controller */ = {
			isa = PBXGroup;
			children = (
				E831FF2220A1DA5500EC1927 /* LoginViewController.swift */,
				E831FF2620A1E21000EC1927 /* SignUpViewController.swift */,
				E804692C20A32C3100F4F643 /* HomeViewController.swift */,
				E804693320A9827900F4F643 /* SelectClassViewController.swift */,
				E8A13AF220AAE19700717121 /* SplashScreenViewController.swift */,
				E88F792820ACCB2800368E48 /* LessonsListViewController.swift */,
				E88F792C20ACCBA100368E48 /* DiscussionsListViewController.swift */,
				E88F793020ACCBEA00368E48 /* MessagesListViewController.swift */,
				E88F793420ACCC3100368E48 /* QuizListViewController.swift */,
				E88F793820ACCC6600368E48 /* PlanningViewController.swift */,
			);
			path = Controller;
			sourceTree = "<group>";
		};
		E831FF1920A1D2F400EC1927 /* View */ = {
			isa = PBXGroup;
			children = (
				E88F793920ACCC6600368E48 /* PlanningViewController.xib */,
				E88F793520ACCC3100368E48 /* QuizListViewController.xib */,
				E88F793120ACCBEA00368E48 /* MessagesListViewController.xib */,
				E88F792920ACCB2800368E48 /* LessonsListViewController.xib */,
				E88F792D20ACCBA100368E48 /* DiscussionsListViewController.xib */,
				E8A13AF320AAE19700717121 /* SplashScreenViewController.xib */,
				E8013CA6209334ED002FF92C /* LaunchScreen.storyboard */,
				E831FF2320A1DA5500EC1927 /* LoginViewController.xib */,
				E831FF2720A1E21000EC1927 /* SignUpViewController.xib */,
				E804692D20A32C3100F4F643 /* HomeViewController.xib */,
				E804693420A9827900F4F643 /* SelectClassViewController.xib */,
			);
			path = View;
			sourceTree = "<group>";
		};
/* End PBXGroup section */

/* Begin PBXNativeTarget section */
		E8013C99209334EC002FF92C /* ESGI-Pocket */ = {
			isa = PBXNativeTarget;
			buildConfigurationList = E8013CAC209334ED002FF92C /* Build configuration list for PBXNativeTarget "ESGI-Pocket" */;
			buildPhases = (
				E8013C96209334EC002FF92C /* Sources */,
				E8013C97209334EC002FF92C /* Frameworks */,
				E8013C98209334EC002FF92C /* Resources */,
			);
			buildRules = (
			);
			dependencies = (
			);
			name = "ESGI-Pocket";
			productName = "ESGI-Pocket";
			productReference = E8013C9A209334EC002FF92C /* ESGI-Pocket.app */;
			productType = "com.apple.product-type.application";
		};
/* End PBXNativeTarget section */

/* Begin PBXProject section */
		E8013C92209334EC002FF92C /* Project object */ = {
			isa = PBXProject;
			attributes = {
				LastSwiftUpdateCheck = 0930;
				LastUpgradeCheck = 0930;
				ORGANIZATIONNAME = "pierre piron";
				TargetAttributes = {
					E8013C99209334EC002FF92C = {
						CreatedOnToolsVersion = 9.3;
					};
				};
			};
			buildConfigurationList = E8013C95209334EC002FF92C /* Build configuration list for PBXProject "ESGI-Pocket" */;
			compatibilityVersion = "Xcode 9.3";
			developmentRegion = en;
			hasScannedForEncodings = 0;
			knownRegions = (
				en,
				Base,
			);
			mainGroup = E8013C91209334EC002FF92C;
			productRefGroup = E8013C9B209334EC002FF92C /* Products */;
			projectDirPath = "";
			projectRoot = "";
			targets = (
				E8013C99209334EC002FF92C /* ESGI-Pocket */,
			);
		};
/* End PBXProject section */

/* Begin PBXResourcesBuildPhase section */
		E8013C98209334EC002FF92C /* Resources */ = {
			isa = PBXResourcesBuildPhase;
			buildActionMask = 2147483647;
			files = (
				E831FF2920A1E21000EC1927 /* SignUpViewController.xib in Resources */,
				E831FF2520A1DA5500EC1927 /* LoginViewController.xib in Resources */,
				E88F793320ACCBEA00368E48 /* MessagesListViewController.xib in Resources */,
				E88F792F20ACCBA100368E48 /* DiscussionsListViewController.xib in Resources */,
				E804692F20A32C3100F4F643 /* HomeViewController.xib in Resources */,
				E88F793B20ACCC6600368E48 /* PlanningViewController.xib in Resources */,
				E8013CA8209334ED002FF92C /* LaunchScreen.storyboard in Resources */,
				E8013CA5209334ED002FF92C /* Assets.xcassets in Resources */,
				E88F792B20ACCB2800368E48 /* LessonsListViewController.xib in Resources */,
				E804693620A9827900F4F643 /* SelectClassViewController.xib in Resources */,
				E8A13AF520AAE19700717121 /* SplashScreenViewController.xib in Resources */,
				E88F793720ACCC3100368E48 /* QuizListViewController.xib in Resources */,
			);
			runOnlyForDeploymentPostprocessing = 0;
		};
/* End PBXResourcesBuildPhase section */

/* Begin PBXSourcesBuildPhase section */
		E8013C96209334EC002FF92C /* Sources */ = {
			isa = PBXSourcesBuildPhase;
			buildActionMask = 2147483647;
			files = (
				E831FF2420A1DA5500EC1927 /* LoginViewController.swift in Sources */,
				E8F3130320AB69870016D511 /* Discussion.swift in Sources */,
				E804693220A32EE900F4F643 /* Login.swift in Sources */,
				E8A13AF420AAE19700717121 /* SplashScreenViewController.swift in Sources */,
				E88F793220ACCBEA00368E48 /* MessagesListViewController.swift in Sources */,
				E88F792E20ACCBA100368E48 /* DiscussionsListViewController.swift in Sources */,
				E804693820A984E200F4F643 /* Classe.swift in Sources */,
				E88F793620ACCC3100368E48 /* QuizListViewController.swift in Sources */,
				E831FF2820A1E21000EC1927 /* SignUpViewController.swift in Sources */,
				E88F793A20ACCC6600368E48 /* PlanningViewController.swift in Sources */,
				E804693520A9827900F4F643 /* SelectClassViewController.swift in Sources */,
				E8013C9E209334EC002FF92C /* AppDelegate.swift in Sources */,
				E8F3130120AB60910016D511 /* CurrentUser.swift in Sources */,
				E804692E20A32C3100F4F643 /* HomeViewController.swift in Sources */,
				E88F792A20ACCB2800368E48 /* LessonsListViewController.swift in Sources */,
			);
			runOnlyForDeploymentPostprocessing = 0;
		};
/* End PBXSourcesBuildPhase section */

/* Begin PBXVariantGroup section */
		E8013CA6209334ED002FF92C /* LaunchScreen.storyboard */ = {
			isa = PBXVariantGroup;
			children = (
				E8013CA7209334ED002FF92C /* Base */,
			);
			name = LaunchScreen.storyboard;
			sourceTree = "<group>";
		};
/* End PBXVariantGroup section */

/* Begin XCBuildConfiguration section */
		E8013CAA209334ED002FF92C /* Debug */ = {
			isa = XCBuildConfiguration;
			buildSettings = {
				ALWAYS_SEARCH_USER_PATHS = NO;
				CLANG_ANALYZER_NONNULL = YES;
				CLANG_ANALYZER_NUMBER_OBJECT_CONVERSION = YES_AGGRESSIVE;
				CLANG_CXX_LANGUAGE_STANDARD = "gnu++14";
				CLANG_CXX_LIBRARY = "libc++";
				CLANG_ENABLE_MODULES = YES;
				CLANG_ENABLE_OBJC_ARC = YES;
				CLANG_ENABLE_OBJC_WEAK = YES;
				CLANG_WARN_BLOCK_CAPTURE_AUTORELEASING = YES;
				CLANG_WARN_BOOL_CONVERSION = YES;
				CLANG_WARN_COMMA = YES;
				CLANG_WARN_CONSTANT_CONVERSION = YES;
				CLANG_WARN_DEPRECATED_OBJC_IMPLEMENTATIONS = YES;
				CLANG_WARN_DIRECT_OBJC_ISA_USAGE = YES_ERROR;
				CLANG_WARN_DOCUMENTATION_COMMENTS = YES;
				CLANG_WARN_EMPTY_BODY = YES;
				CLANG_WARN_ENUM_CONVERSION = YES;
				CLANG_WARN_INFINITE_RECURSION = YES;
				CLANG_WARN_INT_CONVERSION = YES;
				CLANG_WARN_NON_LITERAL_NULL_CONVERSION = YES;
				CLANG_WARN_OBJC_IMPLICIT_RETAIN_SELF = YES;
				CLANG_WARN_OBJC_LITERAL_CONVERSION = YES;
				CLANG_WARN_OBJC_ROOT_CLASS = YES_ERROR;
				CLANG_WARN_RANGE_LOOP_ANALYSIS = YES;
				CLANG_WARN_STRICT_PROTOTYPES = YES;
				CLANG_WARN_SUSPICIOUS_MOVE = YES;
				CLANG_WARN_UNGUARDED_AVAILABILITY = YES_AGGRESSIVE;
				CLANG_WARN_UNREACHABLE_CODE = YES;
				CLANG_WARN__DUPLICATE_METHOD_MATCH = YES;
				CODE_SIGN_IDENTITY = "iPhone Developer";
				COPY_PHASE_STRIP = NO;
				DEBUG_INFORMATION_FORMAT = dwarf;
				ENABLE_STRICT_OBJC_MSGSEND = YES;
				ENABLE_TESTABILITY = YES;
				GCC_C_LANGUAGE_STANDARD = gnu11;
				GCC_DYNAMIC_NO_PIC = NO;
				GCC_NO_COMMON_BLOCKS = YES;
				GCC_OPTIMIZATION_LEVEL = 0;
				GCC_PREPROCESSOR_DEFINITIONS = (
					"DEBUG=1",
					"$(inherited)",
				);
				GCC_WARN_64_TO_32_BIT_CONVERSION = YES;
				GCC_WARN_ABOUT_RETURN_TYPE = YES_ERROR;
				GCC_WARN_UNDECLARED_SELECTOR = YES;
				GCC_WARN_UNINITIALIZED_AUTOS = YES_AGGRESSIVE;
				GCC_WARN_UNUSED_FUNCTION = YES;
				GCC_WARN_UNUSED_VARIABLE = YES;
				IPHONEOS_DEPLOYMENT_TARGET = 11.3;
				MTL_ENABLE_DEBUG_INFO = YES;
				ONLY_ACTIVE_ARCH = YES;
				SDKROOT = iphoneos;
				SWIFT_ACTIVE_COMPILATION_CONDITIONS = DEBUG;
				SWIFT_OPTIMIZATION_LEVEL = "-Onone";
			};
			name = Debug;
		};
		E8013CAB209334ED002FF92C /* Release */ = {
			isa = XCBuildConfiguration;
			buildSettings = {
				ALWAYS_SEARCH_USER_PATHS = NO;
				CLANG_ANALYZER_NONNULL = YES;
				CLANG_ANALYZER_NUMBER_OBJECT_CONVERSION = YES_AGGRESSIVE;
				CLANG_CXX_LANGUAGE_STANDARD = "gnu++14";
				CLANG_CXX_LIBRARY = "libc++";
				CLANG_ENABLE_MODULES = YES;
				CLANG_ENABLE_OBJC_ARC = YES;
				CLANG_ENABLE_OBJC_WEAK = YES;
				CLANG_WARN_BLOCK_CAPTURE_AUTORELEASING = YES;
				CLANG_WARN_BOOL_CONVERSION = YES;
				CLANG_WARN_COMMA = YES;
				CLANG_WARN_CONSTANT_CONVERSION = YES;
				CLANG_WARN_DEPRECATED_OBJC_IMPLEMENTATIONS = YES;
				CLANG_WARN_DIRECT_OBJC_ISA_USAGE = YES_ERROR;
				CLANG_WARN_DOCUMENTATION_COMMENTS = YES;
				CLANG_WARN_EMPTY_BODY = YES;
				CLANG_WARN_ENUM_CONVERSION = YES;
				CLANG_WARN_INFINITE_RECURSION = YES;
				CLANG_WARN_INT_CONVERSION = YES;
				CLANG_WARN_NON_LITERAL_NULL_CONVERSION = YES;
				CLANG_WARN_OBJC_IMPLICIT_RETAIN_SELF = YES;
				CLANG_WARN_OBJC_LITERAL_CONVERSION = YES;
				CLANG_WARN_OBJC_ROOT_CLASS = YES_ERROR;
				CLANG_WARN_RANGE_LOOP_ANALYSIS = YES;
				CLANG_WARN_STRICT_PROTOTYPES = YES;
				CLANG_WARN_SUSPICIOUS_MOVE = YES;
				CLANG_WARN_UNGUARDED_AVAILABILITY = YES_AGGRESSIVE;
				CLANG_WARN_UNREACHABLE_CODE = YES;
				CLANG_WARN__DUPLICATE_METHOD_MATCH = YES;
				CODE_SIGN_IDENTITY = "iPhone Developer";
				COPY_PHASE_STRIP = NO;
				DEBUG_INFORMATION_FORMAT = "dwarf-with-dsym";
				ENABLE_NS_ASSERTIONS = NO;
				ENABLE_STRICT_OBJC_MSGSEND = YES;
				GCC_C_LANGUAGE_STANDARD = gnu11;
				GCC_NO_COMMON_BLOCKS = YES;
				GCC_WARN_64_TO_32_BIT_CONVERSION = YES;
				GCC_WARN_ABOUT_RETURN_TYPE = YES_ERROR;
				GCC_WARN_UNDECLARED_SELECTOR = YES;
				GCC_WARN_UNINITIALIZED_AUTOS = YES_AGGRESSIVE;
				GCC_WARN_UNUSED_FUNCTION = YES;
				GCC_WARN_UNUSED_VARIABLE = YES;
				IPHONEOS_DEPLOYMENT_TARGET = 11.3;
				MTL_ENABLE_DEBUG_INFO = NO;
				SDKROOT = iphoneos;
				SWIFT_COMPILATION_MODE = wholemodule;
				SWIFT_OPTIMIZATION_LEVEL = "-O";
				VALIDATE_PRODUCT = YES;
			};
			name = Release;
		};
		E8013CAD209334ED002FF92C /* Debug */ = {
			isa = XCBuildConfiguration;
			buildSettings = {
				ASSETCATALOG_COMPILER_APPICON_NAME = AppIcon;
				CODE_SIGN_STYLE = Automatic;
				DEVELOPMENT_TEAM = YLG8GVX28R;
				INFOPLIST_FILE = "ESGI-Pocket/Info.plist";
				LD_RUNPATH_SEARCH_PATHS = (
					"$(inherited)",
					"@executable_path/Frameworks",
				);
				PRODUCT_BUNDLE_IDENTIFIER = "com.pierrepiron.ESGI-Pocket";
				PRODUCT_NAME = "$(TARGET_NAME)";
				SWIFT_VERSION = 4.0;
				TARGETED_DEVICE_FAMILY = "1,2";
			};
			name = Debug;
		};
		E8013CAE209334ED002FF92C /* Release */ = {
			isa = XCBuildConfiguration;
			buildSettings = {
				ASSETCATALOG_COMPILER_APPICON_NAME = AppIcon;
				CODE_SIGN_STYLE = Automatic;
				DEVELOPMENT_TEAM = YLG8GVX28R;
				INFOPLIST_FILE = "ESGI-Pocket/Info.plist";
				LD_RUNPATH_SEARCH_PATHS = (
					"$(inherited)",
					"@executable_path/Frameworks",
				);
				PRODUCT_BUNDLE_IDENTIFIER = "com.pierrepiron.ESGI-Pocket";
				PRODUCT_NAME = "$(TARGET_NAME)";
				SWIFT_VERSION = 4.0;
				TARGETED_DEVICE_FAMILY = "1,2";
			};
			name = Release;
		};
/* End XCBuildConfiguration section */

/* Begin XCConfigurationList section */
		E8013C95209334EC002FF92C /* Build configuration list for PBXProject "ESGI-Pocket" */ = {
			isa = XCConfigurationList;
			buildConfigurations = (
				E8013CAA209334ED002FF92C /* Debug */,
				E8013CAB209334ED002FF92C /* Release */,
			);
			defaultConfigurationIsVisible = 0;
			defaultConfigurationName = Release;
		};
		E8013CAC209334ED002FF92C /* Build configuration list for PBXNativeTarget "ESGI-Pocket" */ = {
			isa = XCConfigurationList;
			buildConfigurations = (
				E8013CAD209334ED002FF92C /* Debug */,
				E8013CAE209334ED002FF92C /* Release */,
			);
			defaultConfigurationIsVisible = 0;
			defaultConfigurationName = Release;
		};
/* End XCConfigurationList section */
	};
	rootObject = E8013C92209334EC002FF92C /* Project object */;
}
