// !$*UTF8*$!
{
	archiveVersion = 1;
	classes = {
	};
	objectVersion = 50;
	objects = {

/* Begin PBXBuildFile section */
		586556783ABFDD2FA5BA8135 /* Pods_ESGI_Pocket.framework in Frameworks */ = {isa = PBXBuildFile; fileRef = 8C676344403D4E9D8F6E85C0 /* Pods_ESGI_Pocket.framework */; };
		E8013C9E209334EC002FF92C /* AppDelegate.swift in Sources */ = {isa = PBXBuildFile; fileRef = E8013C9D209334EC002FF92C /* AppDelegate.swift */; };
		E8013CA5209334ED002FF92C /* Assets.xcassets in Resources */ = {isa = PBXBuildFile; fileRef = E8013CA4209334ED002FF92C /* Assets.xcassets */; };
		E8013CA8209334ED002FF92C /* LaunchScreen.storyboard in Resources */ = {isa = PBXBuildFile; fileRef = E8013CA6209334ED002FF92C /* LaunchScreen.storyboard */; };
		E804692E20A32C3100F4F643 /* HomeViewController.swift in Sources */ = {isa = PBXBuildFile; fileRef = E804692C20A32C3100F4F643 /* HomeViewController.swift */; };
		E804692F20A32C3100F4F643 /* HomeViewController.xib in Resources */ = {isa = PBXBuildFile; fileRef = E804692D20A32C3100F4F643 /* HomeViewController.xib */; };
		E804693220A32EE900F4F643 /* Login.swift in Sources */ = {isa = PBXBuildFile; fileRef = E804693120A32EE900F4F643 /* Login.swift */; };
		E804693520A9827900F4F643 /* SelectClassViewController.swift in Sources */ = {isa = PBXBuildFile; fileRef = E804693320A9827900F4F643 /* SelectClassViewController.swift */; };
		E804693620A9827900F4F643 /* SelectClassViewController.xib in Resources */ = {isa = PBXBuildFile; fileRef = E804693420A9827900F4F643 /* SelectClassViewController.xib */; };
		E804693820A984E200F4F643 /* ClasseProvider.swift in Sources */ = {isa = PBXBuildFile; fileRef = E804693720A984E200F4F643 /* ClasseProvider.swift */; };
		E809FCE120D6CB42008DB88A /* TopicProvider.swift in Sources */ = {isa = PBXBuildFile; fileRef = E809FCE020D6CB42008DB88A /* TopicProvider.swift */; };
		E809FCE520D6FCC9008DB88A /* MessageProvider.swift in Sources */ = {isa = PBXBuildFile; fileRef = E809FCE420D6FCC9008DB88A /* MessageProvider.swift */; };
		E809FCE720D6FD48008DB88A /* QuestionProvider.swift in Sources */ = {isa = PBXBuildFile; fileRef = E809FCE620D6FD48008DB88A /* QuestionProvider.swift */; };
		E809FCE920D6FD78008DB88A /* CourseProvider.swift in Sources */ = {isa = PBXBuildFile; fileRef = E809FCE820D6FD78008DB88A /* CourseProvider.swift */; };
		E809FCEC20D700B0008DB88A /* TopicViewController.swift in Sources */ = {isa = PBXBuildFile; fileRef = E809FCEA20D700B0008DB88A /* TopicViewController.swift */; };
		E809FCED20D700B0008DB88A /* TopicViewController.xib in Resources */ = {isa = PBXBuildFile; fileRef = E809FCEB20D700B0008DB88A /* TopicViewController.xib */; };
		E816614D20D7A3AE001BB754 /* DiscussionViewController.swift in Sources */ = {isa = PBXBuildFile; fileRef = E816614B20D7A3AE001BB754 /* DiscussionViewController.swift */; };
		E816614E20D7A3AE001BB754 /* DiscussionViewController.xib in Resources */ = {isa = PBXBuildFile; fileRef = E816614C20D7A3AE001BB754 /* DiscussionViewController.xib */; };
		E831FF2420A1DA5500EC1927 /* LoginViewController.swift in Sources */ = {isa = PBXBuildFile; fileRef = E831FF2220A1DA5500EC1927 /* LoginViewController.swift */; };
		E831FF2520A1DA5500EC1927 /* LoginViewController.xib in Resources */ = {isa = PBXBuildFile; fileRef = E831FF2320A1DA5500EC1927 /* LoginViewController.xib */; };
		E831FF2820A1E21000EC1927 /* SignUpViewController.swift in Sources */ = {isa = PBXBuildFile; fileRef = E831FF2620A1E21000EC1927 /* SignUpViewController.swift */; };
		E831FF2920A1E21000EC1927 /* SignUpViewController.xib in Resources */ = {isa = PBXBuildFile; fileRef = E831FF2720A1E21000EC1927 /* SignUpViewController.xib */; };
		E83CF92720C45E5300758D0C /* QuizProvider.swift in Sources */ = {isa = PBXBuildFile; fileRef = E83CF92620C45E5300758D0C /* QuizProvider.swift */; };
		E8434CC820D994B2008FF02E /* UserProvider.swift in Sources */ = {isa = PBXBuildFile; fileRef = E8434CC720D994B2008FF02E /* UserProvider.swift */; };
		E8445D6E20D974EC00F1631E /* Topic.swift in Sources */ = {isa = PBXBuildFile; fileRef = E8445D6D20D974EC00F1631E /* Topic.swift */; };
		E8445D7020D9756F00F1631E /* Quiz.swift in Sources */ = {isa = PBXBuildFile; fileRef = E8445D6F20D9756F00F1631E /* Quiz.swift */; };
		E8445D7220D975AB00F1631E /* Question.swift in Sources */ = {isa = PBXBuildFile; fileRef = E8445D7120D975AB00F1631E /* Question.swift */; };
		E8445D7420D975E300F1631E /* Message.swift in Sources */ = {isa = PBXBuildFile; fileRef = E8445D7320D975E300F1631E /* Message.swift */; };
		E8445D7620D975F500F1631E /* User.swift in Sources */ = {isa = PBXBuildFile; fileRef = E8445D7520D975F500F1631E /* User.swift */; };
		E8445D7820D9771800F1631E /* Course.swift in Sources */ = {isa = PBXBuildFile; fileRef = E8445D7720D9771800F1631E /* Course.swift */; };
		E8445D7A20D977AC00F1631E /* Classe.swift in Sources */ = {isa = PBXBuildFile; fileRef = E8445D7920D977AC00F1631E /* Classe.swift */; };
		E85171BA20DA40FC00069C03 /* Thread.swift in Sources */ = {isa = PBXBuildFile; fileRef = E85171B920DA40FC00069C03 /* Thread.swift */; };
		E85171BC20DA567F00069C03 /* Planning.swift in Sources */ = {isa = PBXBuildFile; fileRef = E85171BB20DA567F00069C03 /* Planning.swift */; };
		E85171BE20DA575E00069C03 /* PlanningProvider.swift in Sources */ = {isa = PBXBuildFile; fileRef = E85171BD20DA575E00069C03 /* PlanningProvider.swift */; };
		E8594F5720AD5D2600C3510B /* MessageViewCell.swift in Sources */ = {isa = PBXBuildFile; fileRef = E8594F5520AD5D2600C3510B /* MessageViewCell.swift */; };
		E8594F5820AD5D2600C3510B /* MessageViewCell.xib in Resources */ = {isa = PBXBuildFile; fileRef = E8594F5620AD5D2600C3510B /* MessageViewCell.xib */; };
		E86DB52220BBFF2000F06E67 /* ConfirmEmailViewController.swift in Sources */ = {isa = PBXBuildFile; fileRef = E86DB52020BBFF2000F06E67 /* ConfirmEmailViewController.swift */; };
		E86DB52320BBFF2000F06E67 /* ConfirmEmailViewController.xib in Resources */ = {isa = PBXBuildFile; fileRef = E86DB52120BBFF2000F06E67 /* ConfirmEmailViewController.xib */; };
		E870CCBD20DA8E4B0078FD3A /* RoundedView.swift in Sources */ = {isa = PBXBuildFile; fileRef = E870CCBC20DA8E4B0078FD3A /* RoundedView.swift */; };
		E870CCBF20DAB44C0078FD3A /* Response.swift in Sources */ = {isa = PBXBuildFile; fileRef = E870CCBE20DAB44C0078FD3A /* Response.swift */; };
		E88F792A20ACCB2800368E48 /* LessonsListViewController.swift in Sources */ = {isa = PBXBuildFile; fileRef = E88F792820ACCB2800368E48 /* LessonsListViewController.swift */; };
		E88F792B20ACCB2800368E48 /* LessonsListViewController.xib in Resources */ = {isa = PBXBuildFile; fileRef = E88F792920ACCB2800368E48 /* LessonsListViewController.xib */; };
		E88F792E20ACCBA100368E48 /* DiscussionsListViewController.swift in Sources */ = {isa = PBXBuildFile; fileRef = E88F792C20ACCBA100368E48 /* DiscussionsListViewController.swift */; };
		E88F792F20ACCBA100368E48 /* DiscussionsListViewController.xib in Resources */ = {isa = PBXBuildFile; fileRef = E88F792D20ACCBA100368E48 /* DiscussionsListViewController.xib */; };
		E88F793220ACCBEA00368E48 /* MessagesListViewController.swift in Sources */ = {isa = PBXBuildFile; fileRef = E88F793020ACCBEA00368E48 /* MessagesListViewController.swift */; };
		E88F793320ACCBEA00368E48 /* MessagesListViewController.xib in Resources */ = {isa = PBXBuildFile; fileRef = E88F793120ACCBEA00368E48 /* MessagesListViewController.xib */; };
		E88F793620ACCC3100368E48 /* QuizListViewController.swift in Sources */ = {isa = PBXBuildFile; fileRef = E88F793420ACCC3100368E48 /* QuizListViewController.swift */; };
		E88F793720ACCC3100368E48 /* QuizListViewController.xib in Resources */ = {isa = PBXBuildFile; fileRef = E88F793520ACCC3100368E48 /* QuizListViewController.xib */; };
		E88F793A20ACCC6600368E48 /* PlanningViewController.swift in Sources */ = {isa = PBXBuildFile; fileRef = E88F793820ACCC6600368E48 /* PlanningViewController.swift */; };
		E88F793B20ACCC6600368E48 /* PlanningViewController.xib in Resources */ = {isa = PBXBuildFile; fileRef = E88F793920ACCC6600368E48 /* PlanningViewController.xib */; };
		E8A13AF420AAE19700717121 /* SplashScreenViewController.swift in Sources */ = {isa = PBXBuildFile; fileRef = E8A13AF220AAE19700717121 /* SplashScreenViewController.swift */; };
		E8A13AF520AAE19700717121 /* SplashScreenViewController.xib in Resources */ = {isa = PBXBuildFile; fileRef = E8A13AF320AAE19700717121 /* SplashScreenViewController.xib */; };
		E8F3130120AB60910016D511 /* CurrentUser.swift in Sources */ = {isa = PBXBuildFile; fileRef = E8F3130020AB60910016D511 /* CurrentUser.swift */; };
		E8F3130320AB69870016D511 /* ThreadProvider.swift in Sources */ = {isa = PBXBuildFile; fileRef = E8F3130220AB69870016D511 /* ThreadProvider.swift */; };
/* End PBXBuildFile section */

/* Begin PBXFileReference section */
		00FB5176C11AE9100C58CE7F /* Pods-ESGI-Pocket.release.xcconfig */ = {isa = PBXFileReference; includeInIndex = 1; lastKnownFileType = text.xcconfig; name = "Pods-ESGI-Pocket.release.xcconfig"; path = "Pods/Target Support Files/Pods-ESGI-Pocket/Pods-ESGI-Pocket.release.xcconfig"; sourceTree = "<group>"; };
		224A6F83E87AB4718D0223EC /* Pods-ESGI-Pocket.debug.xcconfig */ = {isa = PBXFileReference; includeInIndex = 1; lastKnownFileType = text.xcconfig; name = "Pods-ESGI-Pocket.debug.xcconfig"; path = "Pods/Target Support Files/Pods-ESGI-Pocket/Pods-ESGI-Pocket.debug.xcconfig"; sourceTree = "<group>"; };
		8C676344403D4E9D8F6E85C0 /* Pods_ESGI_Pocket.framework */ = {isa = PBXFileReference; explicitFileType = wrapper.framework; includeInIndex = 0; path = Pods_ESGI_Pocket.framework; sourceTree = BUILT_PRODUCTS_DIR; };
		E8013C9A209334EC002FF92C /* ESGI-Pocket.app */ = {isa = PBXFileReference; explicitFileType = wrapper.application; includeInIndex = 0; path = "ESGI-Pocket.app"; sourceTree = BUILT_PRODUCTS_DIR; };
		E8013C9D209334EC002FF92C /* AppDelegate.swift */ = {isa = PBXFileReference; lastKnownFileType = sourcecode.swift; path = AppDelegate.swift; sourceTree = "<group>"; };
		E8013CA4209334ED002FF92C /* Assets.xcassets */ = {isa = PBXFileReference; lastKnownFileType = folder.assetcatalog; path = Assets.xcassets; sourceTree = "<group>"; };
		E8013CA7209334ED002FF92C /* Base */ = {isa = PBXFileReference; lastKnownFileType = file.storyboard; name = Base; path = Base.lproj/LaunchScreen.storyboard; sourceTree = "<group>"; };
		E8013CA9209334ED002FF92C /* Info.plist */ = {isa = PBXFileReference; lastKnownFileType = text.plist.xml; path = Info.plist; sourceTree = "<group>"; };
		E804692C20A32C3100F4F643 /* HomeViewController.swift */ = {isa = PBXFileReference; lastKnownFileType = sourcecode.swift; path = HomeViewController.swift; sourceTree = "<group>"; };
		E804692D20A32C3100F4F643 /* HomeViewController.xib */ = {isa = PBXFileReference; lastKnownFileType = file.xib; path = HomeViewController.xib; sourceTree = "<group>"; };
		E804693120A32EE900F4F643 /* Login.swift */ = {isa = PBXFileReference; lastKnownFileType = sourcecode.swift; path = Login.swift; sourceTree = "<group>"; };
		E804693320A9827900F4F643 /* SelectClassViewController.swift */ = {isa = PBXFileReference; lastKnownFileType = sourcecode.swift; path = SelectClassViewController.swift; sourceTree = "<group>"; };
		E804693420A9827900F4F643 /* SelectClassViewController.xib */ = {isa = PBXFileReference; lastKnownFileType = file.xib; path = SelectClassViewController.xib; sourceTree = "<group>"; };
		E804693720A984E200F4F643 /* ClasseProvider.swift */ = {isa = PBXFileReference; lastKnownFileType = sourcecode.swift; path = ClasseProvider.swift; sourceTree = "<group>"; };
		E809FCE020D6CB42008DB88A /* TopicProvider.swift */ = {isa = PBXFileReference; lastKnownFileType = sourcecode.swift; path = TopicProvider.swift; sourceTree = "<group>"; };
		E809FCE420D6FCC9008DB88A /* MessageProvider.swift */ = {isa = PBXFileReference; lastKnownFileType = sourcecode.swift; path = MessageProvider.swift; sourceTree = "<group>"; };
		E809FCE620D6FD48008DB88A /* QuestionProvider.swift */ = {isa = PBXFileReference; lastKnownFileType = sourcecode.swift; path = QuestionProvider.swift; sourceTree = "<group>"; };
		E809FCE820D6FD78008DB88A /* CourseProvider.swift */ = {isa = PBXFileReference; lastKnownFileType = sourcecode.swift; path = CourseProvider.swift; sourceTree = "<group>"; };
		E809FCEA20D700B0008DB88A /* TopicViewController.swift */ = {isa = PBXFileReference; lastKnownFileType = sourcecode.swift; path = TopicViewController.swift; sourceTree = "<group>"; };
		E809FCEB20D700B0008DB88A /* TopicViewController.xib */ = {isa = PBXFileReference; lastKnownFileType = file.xib; path = TopicViewController.xib; sourceTree = "<group>"; };
		E816614B20D7A3AE001BB754 /* DiscussionViewController.swift */ = {isa = PBXFileReference; lastKnownFileType = sourcecode.swift; path = DiscussionViewController.swift; sourceTree = "<group>"; };
		E816614C20D7A3AE001BB754 /* DiscussionViewController.xib */ = {isa = PBXFileReference; lastKnownFileType = file.xib; path = DiscussionViewController.xib; sourceTree = "<group>"; };
		E831FF2220A1DA5500EC1927 /* LoginViewController.swift */ = {isa = PBXFileReference; lastKnownFileType = sourcecode.swift; path = LoginViewController.swift; sourceTree = "<group>"; };
		E831FF2320A1DA5500EC1927 /* LoginViewController.xib */ = {isa = PBXFileReference; lastKnownFileType = file.xib; path = LoginViewController.xib; sourceTree = "<group>"; };
		E831FF2620A1E21000EC1927 /* SignUpViewController.swift */ = {isa = PBXFileReference; lastKnownFileType = sourcecode.swift; path = SignUpViewController.swift; sourceTree = "<group>"; };
		E831FF2720A1E21000EC1927 /* SignUpViewController.xib */ = {isa = PBXFileReference; lastKnownFileType = file.xib; path = SignUpViewController.xib; sourceTree = "<group>"; };
		E83CF92620C45E5300758D0C /* QuizProvider.swift */ = {isa = PBXFileReference; lastKnownFileType = sourcecode.swift; path = QuizProvider.swift; sourceTree = "<group>"; };
		E8434CC720D994B2008FF02E /* UserProvider.swift */ = {isa = PBXFileReference; lastKnownFileType = sourcecode.swift; path = UserProvider.swift; sourceTree = "<group>"; };
		E8445D6D20D974EC00F1631E /* Topic.swift */ = {isa = PBXFileReference; lastKnownFileType = sourcecode.swift; path = Topic.swift; sourceTree = "<group>"; };
		E8445D6F20D9756F00F1631E /* Quiz.swift */ = {isa = PBXFileReference; lastKnownFileType = sourcecode.swift; path = Quiz.swift; sourceTree = "<group>"; };
		E8445D7120D975AB00F1631E /* Question.swift */ = {isa = PBXFileReference; lastKnownFileType = sourcecode.swift; path = Question.swift; sourceTree = "<group>"; };
		E8445D7320D975E300F1631E /* Message.swift */ = {isa = PBXFileReference; lastKnownFileType = sourcecode.swift; path = Message.swift; sourceTree = "<group>"; };
		E8445D7520D975F500F1631E /* User.swift */ = {isa = PBXFileReference; lastKnownFileType = sourcecode.swift; path = User.swift; sourceTree = "<group>"; };
		E8445D7720D9771800F1631E /* Course.swift */ = {isa = PBXFileReference; lastKnownFileType = sourcecode.swift; path = Course.swift; sourceTree = "<group>"; };
		E8445D7920D977AC00F1631E /* Classe.swift */ = {isa = PBXFileReference; lastKnownFileType = sourcecode.swift; path = Classe.swift; sourceTree = "<group>"; };
		E85171B920DA40FC00069C03 /* Thread.swift */ = {isa = PBXFileReference; lastKnownFileType = sourcecode.swift; path = Thread.swift; sourceTree = "<group>"; };
		E85171BB20DA567F00069C03 /* Planning.swift */ = {isa = PBXFileReference; lastKnownFileType = sourcecode.swift; path = Planning.swift; sourceTree = "<group>"; };
		E85171BD20DA575E00069C03 /* PlanningProvider.swift */ = {isa = PBXFileReference; lastKnownFileType = sourcecode.swift; path = PlanningProvider.swift; sourceTree = "<group>"; };
		E8594F5520AD5D2600C3510B /* MessageViewCell.swift */ = {isa = PBXFileReference; lastKnownFileType = sourcecode.swift; path = MessageViewCell.swift; sourceTree = "<group>"; };
		E8594F5620AD5D2600C3510B /* MessageViewCell.xib */ = {isa = PBXFileReference; lastKnownFileType = file.xib; path = MessageViewCell.xib; sourceTree = "<group>"; };
		E86DB52020BBFF2000F06E67 /* ConfirmEmailViewController.swift */ = {isa = PBXFileReference; lastKnownFileType = sourcecode.swift; path = ConfirmEmailViewController.swift; sourceTree = "<group>"; };
		E86DB52120BBFF2000F06E67 /* ConfirmEmailViewController.xib */ = {isa = PBXFileReference; lastKnownFileType = file.xib; path = ConfirmEmailViewController.xib; sourceTree = "<group>"; };
		E870CCBC20DA8E4B0078FD3A /* RoundedView.swift */ = {isa = PBXFileReference; lastKnownFileType = sourcecode.swift; path = RoundedView.swift; sourceTree = "<group>"; };
		E870CCBE20DAB44C0078FD3A /* Response.swift */ = {isa = PBXFileReference; lastKnownFileType = sourcecode.swift; path = Response.swift; sourceTree = "<group>"; };
		E88F792820ACCB2800368E48 /* LessonsListViewController.swift */ = {isa = PBXFileReference; lastKnownFileType = sourcecode.swift; path = LessonsListViewController.swift; sourceTree = "<group>"; };
		E88F792920ACCB2800368E48 /* LessonsListViewController.xib */ = {isa = PBXFileReference; lastKnownFileType = file.xib; path = LessonsListViewController.xib; sourceTree = "<group>"; };
		E88F792C20ACCBA100368E48 /* DiscussionsListViewController.swift */ = {isa = PBXFileReference; lastKnownFileType = sourcecode.swift; path = DiscussionsListViewController.swift; sourceTree = "<group>"; };
		E88F792D20ACCBA100368E48 /* DiscussionsListViewController.xib */ = {isa = PBXFileReference; lastKnownFileType = file.xib; path = DiscussionsListViewController.xib; sourceTree = "<group>"; };
		E88F793020ACCBEA00368E48 /* MessagesListViewController.swift */ = {isa = PBXFileReference; lastKnownFileType = sourcecode.swift; path = MessagesListViewController.swift; sourceTree = "<group>"; };
		E88F793120ACCBEA00368E48 /* MessagesListViewController.xib */ = {isa = PBXFileReference; lastKnownFileType = file.xib; path = MessagesListViewController.xib; sourceTree = "<group>"; };
		E88F793420ACCC3100368E48 /* QuizListViewController.swift */ = {isa = PBXFileReference; lastKnownFileType = sourcecode.swift; path = QuizListViewController.swift; sourceTree = "<group>"; };
		E88F793520ACCC3100368E48 /* QuizListViewController.xib */ = {isa = PBXFileReference; lastKnownFileType = file.xib; path = QuizListViewController.xib; sourceTree = "<group>"; };
		E88F793820ACCC6600368E48 /* PlanningViewController.swift */ = {isa = PBXFileReference; lastKnownFileType = sourcecode.swift; path = PlanningViewController.swift; sourceTree = "<group>"; };
		E88F793920ACCC6600368E48 /* PlanningViewController.xib */ = {isa = PBXFileReference; lastKnownFileType = file.xib; path = PlanningViewController.xib; sourceTree = "<group>"; };
		E8A13AF220AAE19700717121 /* SplashScreenViewController.swift */ = {isa = PBXFileReference; lastKnownFileType = sourcecode.swift; path = SplashScreenViewController.swift; sourceTree = "<group>"; };
		E8A13AF320AAE19700717121 /* SplashScreenViewController.xib */ = {isa = PBXFileReference; lastKnownFileType = file.xib; path = SplashScreenViewController.xib; sourceTree = "<group>"; };
		E8F3130020AB60910016D511 /* CurrentUser.swift */ = {isa = PBXFileReference; lastKnownFileType = sourcecode.swift; path = CurrentUser.swift; sourceTree = "<group>"; };
		E8F3130220AB69870016D511 /* ThreadProvider.swift */ = {isa = PBXFileReference; lastKnownFileType = sourcecode.swift; path = ThreadProvider.swift; sourceTree = "<group>"; };
/* End PBXFileReference section */

/* Begin PBXFrameworksBuildPhase section */
		E8013C97209334EC002FF92C /* Frameworks */ = {
			isa = PBXFrameworksBuildPhase;
			buildActionMask = 2147483647;
			files = (
				586556783ABFDD2FA5BA8135 /* Pods_ESGI_Pocket.framework in Frameworks */,
			);
			runOnlyForDeploymentPostprocessing = 0;
		};
/* End PBXFrameworksBuildPhase section */

/* Begin PBXGroup section */
		D1FBCA5C7C6893C06E057564 /* Frameworks */ = {
			isa = PBXGroup;
			children = (
				8C676344403D4E9D8F6E85C0 /* Pods_ESGI_Pocket.framework */,
			);
			name = Frameworks;
			sourceTree = "<group>";
		};
		D83C04BEDB4E13B2F571AB8A /* Pods */ = {
			isa = PBXGroup;
			children = (
				224A6F83E87AB4718D0223EC /* Pods-ESGI-Pocket.debug.xcconfig */,
				00FB5176C11AE9100C58CE7F /* Pods-ESGI-Pocket.release.xcconfig */,
			);
			name = Pods;
			sourceTree = "<group>";
		};
		E8013C91209334EC002FF92C = {
			isa = PBXGroup;
			children = (
				E8013C9C209334EC002FF92C /* ESGI-Pocket */,
				E8013C9B209334EC002FF92C /* Products */,
				D83C04BEDB4E13B2F571AB8A /* Pods */,
				D1FBCA5C7C6893C06E057564 /* Frameworks */,
			);
			sourceTree = "<group>";
		};
		E8013C9B209334EC002FF92C /* Products */ = {
			isa = PBXGroup;
			children = (
				E8013C9A209334EC002FF92C /* ESGI-Pocket.app */,
			);
			name = Products;
			sourceTree = "<group>";
		};
		E8013C9C209334EC002FF92C /* ESGI-Pocket */ = {
			isa = PBXGroup;
			children = (
				E813196C20A9EBD0006C83CC /* Controller */,
				E804693020A32EBD00F4F643 /* Model */,
				E831FF1920A1D2F400EC1927 /* View */,
				E8013C9D209334EC002FF92C /* AppDelegate.swift */,
				E8013CA4209334ED002FF92C /* Assets.xcassets */,
				E8013CA9209334ED002FF92C /* Info.plist */,
			);
			path = "ESGI-Pocket";
			sourceTree = "<group>";
		};
		E804693020A32EBD00F4F643 /* Model */ = {
			isa = PBXGroup;
			children = (
				E810B20320F2466900167F7D /* Provider */,
				E810B20220F2465F00167F7D /* Class */,
			);
			path = Model;
			sourceTree = "<group>";
		};
		E810B20220F2465F00167F7D /* Class */ = {
			isa = PBXGroup;
			children = (
				E8445D7920D977AC00F1631E /* Classe.swift */,
				E8445D7720D9771800F1631E /* Course.swift */,
				E8F3130020AB60910016D511 /* CurrentUser.swift */,
				E8445D7320D975E300F1631E /* Message.swift */,
				E8445D7120D975AB00F1631E /* Question.swift */,
				E8445D6F20D9756F00F1631E /* Quiz.swift */,
				E85171B920DA40FC00069C03 /* Thread.swift */,
				E8445D6D20D974EC00F1631E /* Topic.swift */,
				E8445D7520D975F500F1631E /* User.swift */,
				E85171BB20DA567F00069C03 /* Planning.swift */,
				E870CCBE20DAB44C0078FD3A /* Response.swift */,
			);
			path = Class;
			sourceTree = "<group>";
		};
		E810B20320F2466900167F7D /* Provider */ = {
			isa = PBXGroup;
			children = (
				E804693720A984E200F4F643 /* ClasseProvider.swift */,
				E809FCE820D6FD78008DB88A /* CourseProvider.swift */,
				E804693120A32EE900F4F643 /* Login.swift */,
				E809FCE420D6FCC9008DB88A /* MessageProvider.swift */,
				E809FCE620D6FD48008DB88A /* QuestionProvider.swift */,
				E83CF92620C45E5300758D0C /* QuizProvider.swift */,
				E8F3130220AB69870016D511 /* ThreadProvider.swift */,
				E809FCE020D6CB42008DB88A /* TopicProvider.swift */,
				E8434CC720D994B2008FF02E /* UserProvider.swift */,
				E85171BD20DA575E00069C03 /* PlanningProvider.swift */,
			);
			path = Provider;
			sourceTree = "<group>";
		};
		E813196C20A9EBD0006C83CC /* Controller */ = {
			isa = PBXGroup;
			children = (
				E86DB52020BBFF2000F06E67 /* ConfirmEmailViewController.swift */,
				E88F792C20ACCBA100368E48 /* DiscussionsListViewController.swift */,
				E816614B20D7A3AE001BB754 /* DiscussionViewController.swift */,
				E804692C20A32C3100F4F643 /* HomeViewController.swift */,
				E88F792820ACCB2800368E48 /* LessonsListViewController.swift */,
				E831FF2220A1DA5500EC1927 /* LoginViewController.swift */,
				E88F793020ACCBEA00368E48 /* MessagesListViewController.swift */,
				E8594F5520AD5D2600C3510B /* MessageViewCell.swift */,
				E88F793820ACCC6600368E48 /* PlanningViewController.swift */,
				E88F793420ACCC3100368E48 /* QuizListViewController.swift */,
				E804693320A9827900F4F643 /* SelectClassViewController.swift */,
				E831FF2620A1E21000EC1927 /* SignUpViewController.swift */,
				E8A13AF220AAE19700717121 /* SplashScreenViewController.swift */,
				E809FCEA20D700B0008DB88A /* TopicViewController.swift */,
			);
			path = Controller;
			sourceTree = "<group>";
		};
		E831FF1920A1D2F400EC1927 /* View */ = {
			isa = PBXGroup;
			children = (
				E86DB52120BBFF2000F06E67 /* ConfirmEmailViewController.xib */,
				E88F792D20ACCBA100368E48 /* DiscussionsListViewController.xib */,
				E816614C20D7A3AE001BB754 /* DiscussionViewController.xib */,
				E804692D20A32C3100F4F643 /* HomeViewController.xib */,
				E8013CA6209334ED002FF92C /* LaunchScreen.storyboard */,
				E88F792920ACCB2800368E48 /* LessonsListViewController.xib */,
				E831FF2320A1DA5500EC1927 /* LoginViewController.xib */,
				E88F793120ACCBEA00368E48 /* MessagesListViewController.xib */,
				E8594F5620AD5D2600C3510B /* MessageViewCell.xib */,
				E88F793920ACCC6600368E48 /* PlanningViewController.xib */,
				E88F793520ACCC3100368E48 /* QuizListViewController.xib */,
				E804693420A9827900F4F643 /* SelectClassViewController.xib */,
				E831FF2720A1E21000EC1927 /* SignUpViewController.xib */,
				E8A13AF320AAE19700717121 /* SplashScreenViewController.xib */,
				E809FCEB20D700B0008DB88A /* TopicViewController.xib */,
				E870CCBC20DA8E4B0078FD3A /* RoundedView.swift */,
			);
			path = View;
			sourceTree = "<group>";
		};
/* End PBXGroup section */

/* Begin PBXNativeTarget section */
		E8013C99209334EC002FF92C /* ESGI-Pocket */ = {
			isa = PBXNativeTarget;
			buildConfigurationList = E8013CAC209334ED002FF92C /* Build configuration list for PBXNativeTarget "ESGI-Pocket" */;
			buildPhases = (
				FF7ED81139256C251C9C8D5E /* [CP] Check Pods Manifest.lock */,
				E8013C96209334EC002FF92C /* Sources */,
				E8013C97209334EC002FF92C /* Frameworks */,
				E8013C98209334EC002FF92C /* Resources */,
				D3261C1D0AD20222072E5BF8 /* [CP] Embed Pods Frameworks */,
			);
			buildRules = (
			);
			dependencies = (
			);
			name = "ESGI-Pocket";
			productName = "ESGI-Pocket";
			productReference = E8013C9A209334EC002FF92C /* ESGI-Pocket.app */;
			productType = "com.apple.product-type.application";
		};
/* End PBXNativeTarget section */

/* Begin PBXProject section */
		E8013C92209334EC002FF92C /* Project object */ = {
			isa = PBXProject;
			attributes = {
				LastSwiftUpdateCheck = 0930;
				LastUpgradeCheck = 0930;
				ORGANIZATIONNAME = "pierre piron";
				TargetAttributes = {
					E8013C99209334EC002FF92C = {
						CreatedOnToolsVersion = 9.3;
					};
				};
			};
			buildConfigurationList = E8013C95209334EC002FF92C /* Build configuration list for PBXProject "ESGI-Pocket" */;
			compatibilityVersion = "Xcode 9.3";
			developmentRegion = en;
			hasScannedForEncodings = 0;
			knownRegions = (
				en,
				Base,
			);
			mainGroup = E8013C91209334EC002FF92C;
			productRefGroup = E8013C9B209334EC002FF92C /* Products */;
			projectDirPath = "";
			projectRoot = "";
			targets = (
				E8013C99209334EC002FF92C /* ESGI-Pocket */,
			);
		};
/* End PBXProject section */

/* Begin PBXResourcesBuildPhase section */
		E8013C98209334EC002FF92C /* Resources */ = {
			isa = PBXResourcesBuildPhase;
			buildActionMask = 2147483647;
			files = (
				E816614E20D7A3AE001BB754 /* DiscussionViewController.xib in Resources */,
				E831FF2920A1E21000EC1927 /* SignUpViewController.xib in Resources */,
				E831FF2520A1DA5500EC1927 /* LoginViewController.xib in Resources */,
				E88F793320ACCBEA00368E48 /* MessagesListViewController.xib in Resources */,
				E88F792F20ACCBA100368E48 /* DiscussionsListViewController.xib in Resources */,
				E8594F5820AD5D2600C3510B /* MessageViewCell.xib in Resources */,
				E804692F20A32C3100F4F643 /* HomeViewController.xib in Resources */,
				E88F793B20ACCC6600368E48 /* PlanningViewController.xib in Resources */,
				E8013CA8209334ED002FF92C /* LaunchScreen.storyboard in Resources */,
				E809FCED20D700B0008DB88A /* TopicViewController.xib in Resources */,
				E8013CA5209334ED002FF92C /* Assets.xcassets in Resources */,
				E88F792B20ACCB2800368E48 /* LessonsListViewController.xib in Resources */,
				E86DB52320BBFF2000F06E67 /* ConfirmEmailViewController.xib in Resources */,
				E804693620A9827900F4F643 /* SelectClassViewController.xib in Resources */,
				E8A13AF520AAE19700717121 /* SplashScreenViewController.xib in Resources */,
				E88F793720ACCC3100368E48 /* QuizListViewController.xib in Resources */,
			);
			runOnlyForDeploymentPostprocessing = 0;
		};
/* End PBXResourcesBuildPhase section */

/* Begin PBXShellScriptBuildPhase section */
		D3261C1D0AD20222072E5BF8 /* [CP] Embed Pods Frameworks */ = {
			isa = PBXShellScriptBuildPhase;
			buildActionMask = 2147483647;
			files = (
			);
			inputPaths = (
				"${SRCROOT}/Pods/Target Support Files/Pods-ESGI-Pocket/Pods-ESGI-Pocket-frameworks.sh",
				"${BUILT_PRODUCTS_DIR}/Alamofire/Alamofire.framework",
				"${BUILT_PRODUCTS_DIR}/SwiftyJSON/SwiftyJSON.framework",
			);
			name = "[CP] Embed Pods Frameworks";
			outputPaths = (
				"${TARGET_BUILD_DIR}/${FRAMEWORKS_FOLDER_PATH}/Alamofire.framework",
				"${TARGET_BUILD_DIR}/${FRAMEWORKS_FOLDER_PATH}/SwiftyJSON.framework",
			);
			runOnlyForDeploymentPostprocessing = 0;
			shellPath = /bin/sh;
			shellScript = "\"${SRCROOT}/Pods/Target Support Files/Pods-ESGI-Pocket/Pods-ESGI-Pocket-frameworks.sh\"\n";
			showEnvVarsInLog = 0;
		};
		FF7ED81139256C251C9C8D5E /* [CP] Check Pods Manifest.lock */ = {
			isa = PBXShellScriptBuildPhase;
			buildActionMask = 2147483647;
			files = (
			);
			inputPaths = (
				"${PODS_PODFILE_DIR_PATH}/Podfile.lock",
				"${PODS_ROOT}/Manifest.lock",
			);
			name = "[CP] Check Pods Manifest.lock";
			outputPaths = (
				"$(DERIVED_FILE_DIR)/Pods-ESGI-Pocket-checkManifestLockResult.txt",
			);
			runOnlyForDeploymentPostprocessing = 0;
			shellPath = /bin/sh;
			shellScript = "diff \"${PODS_PODFILE_DIR_PATH}/Podfile.lock\" \"${PODS_ROOT}/Manifest.lock\" > /dev/null\nif [ $? != 0 ] ; then\n    # print error to STDERR\n    echo \"error: The sandbox is not in sync with the Podfile.lock. Run 'pod install' or update your CocoaPods installation.\" >&2\n    exit 1\nfi\n# This output is used by Xcode 'outputs' to avoid re-running this script phase.\necho \"SUCCESS\" > \"${SCRIPT_OUTPUT_FILE_0}\"\n";
			showEnvVarsInLog = 0;
		};
/* End PBXShellScriptBuildPhase section */

/* Begin PBXSourcesBuildPhase section */
		E8013C96209334EC002FF92C /* Sources */ = {
			isa = PBXSourcesBuildPhase;
			buildActionMask = 2147483647;
			files = (
				E8594F5720AD5D2600C3510B /* MessageViewCell.swift in Sources */,
				E831FF2420A1DA5500EC1927 /* LoginViewController.swift in Sources */,
				E8F3130320AB69870016D511 /* ThreadProvider.swift in Sources */,
				E809FCE120D6CB42008DB88A /* TopicProvider.swift in Sources */,
				E804693220A32EE900F4F643 /* Login.swift in Sources */,
				E870CCBF20DAB44C0078FD3A /* Response.swift in Sources */,
				E86DB52220BBFF2000F06E67 /* ConfirmEmailViewController.swift in Sources */,
				E85171BC20DA567F00069C03 /* Planning.swift in Sources */,
				E8445D6E20D974EC00F1631E /* Topic.swift in Sources */,
				E8A13AF420AAE19700717121 /* SplashScreenViewController.swift in Sources */,
				E8445D7620D975F500F1631E /* User.swift in Sources */,
				E88F793220ACCBEA00368E48 /* MessagesListViewController.swift in Sources */,
				E88F792E20ACCBA100368E48 /* DiscussionsListViewController.swift in Sources */,
				E83CF92720C45E5300758D0C /* QuizProvider.swift in Sources */,
				E8445D7820D9771800F1631E /* Course.swift in Sources */,
				E85171BA20DA40FC00069C03 /* Thread.swift in Sources */,
				E809FCEC20D700B0008DB88A /* TopicViewController.swift in Sources */,
				E804693820A984E200F4F643 /* ClasseProvider.swift in Sources */,
				E8445D7420D975E300F1631E /* Message.swift in Sources */,
				E816614D20D7A3AE001BB754 /* DiscussionViewController.swift in Sources */,
				E88F793620ACCC3100368E48 /* QuizListViewController.swift in Sources */,
				E870CCBD20DA8E4B0078FD3A /* RoundedView.swift in Sources */,
				E809FCE920D6FD78008DB88A /* CourseProvider.swift in Sources */,
				E809FCE720D6FD48008DB88A /* QuestionProvider.swift in Sources */,
				E831FF2820A1E21000EC1927 /* SignUpViewController.swift in Sources */,
				E88F793A20ACCC6600368E48 /* PlanningViewController.swift in Sources */,
				E85171BE20DA575E00069C03 /* PlanningProvider.swift in Sources */,
				E804693520A9827900F4F643 /* SelectClassViewController.swift in Sources */,
				E8434CC820D994B2008FF02E /* UserProvider.swift in Sources */,
				E8013C9E209334EC002FF92C /* AppDelegate.swift in Sources */,
				E8445D7220D975AB00F1631E /* Question.swift in Sources */,
				E8445D7A20D977AC00F1631E /* Classe.swift in Sources */,
				E8F3130120AB60910016D511 /* CurrentUser.swift in Sources */,
				E8445D7020D9756F00F1631E /* Quiz.swift in Sources */,
				E809FCE520D6FCC9008DB88A /* MessageProvider.swift in Sources */,
				E804692E20A32C3100F4F643 /* HomeViewController.swift in Sources */,
				E88F792A20ACCB2800368E48 /* LessonsListViewController.swift in Sources */,
			);
			runOnlyForDeploymentPostprocessing = 0;
		};
/* End PBXSourcesBuildPhase section */

/* Begin PBXVariantGroup section */
		E8013CA6209334ED002FF92C /* LaunchScreen.storyboard */ = {
			isa = PBXVariantGroup;
			children = (
				E8013CA7209334ED002FF92C /* Base */,
			);
			name = LaunchScreen.storyboard;
			sourceTree = "<group>";
		};
/* End PBXVariantGroup section */

/* Begin XCBuildConfiguration section */
		E8013CAA209334ED002FF92C /* Debug */ = {
			isa = XCBuildConfiguration;
			buildSettings = {
				ALWAYS_SEARCH_USER_PATHS = NO;
				CLANG_ANALYZER_NONNULL = YES;
				CLANG_ANALYZER_NUMBER_OBJECT_CONVERSION = YES_AGGRESSIVE;
				CLANG_CXX_LANGUAGE_STANDARD = "gnu++14";
				CLANG_CXX_LIBRARY = "libc++";
				CLANG_ENABLE_MODULES = YES;
				CLANG_ENABLE_OBJC_ARC = YES;
				CLANG_ENABLE_OBJC_WEAK = YES;
				CLANG_WARN_BLOCK_CAPTURE_AUTORELEASING = YES;
				CLANG_WARN_BOOL_CONVERSION = YES;
				CLANG_WARN_COMMA = YES;
				CLANG_WARN_CONSTANT_CONVERSION = YES;
				CLANG_WARN_DEPRECATED_OBJC_IMPLEMENTATIONS = YES;
				CLANG_WARN_DIRECT_OBJC_ISA_USAGE = YES_ERROR;
				CLANG_WARN_DOCUMENTATION_COMMENTS = YES;
				CLANG_WARN_EMPTY_BODY = YES;
				CLANG_WARN_ENUM_CONVERSION = YES;
				CLANG_WARN_INFINITE_RECURSION = YES;
				CLANG_WARN_INT_CONVERSION = YES;
				CLANG_WARN_NON_LITERAL_NULL_CONVERSION = YES;
				CLANG_WARN_OBJC_IMPLICIT_RETAIN_SELF = YES;
				CLANG_WARN_OBJC_LITERAL_CONVERSION = YES;
				CLANG_WARN_OBJC_ROOT_CLASS = YES_ERROR;
				CLANG_WARN_RANGE_LOOP_ANALYSIS = YES;
				CLANG_WARN_STRICT_PROTOTYPES = YES;
				CLANG_WARN_SUSPICIOUS_MOVE = YES;
				CLANG_WARN_UNGUARDED_AVAILABILITY = YES_AGGRESSIVE;
				CLANG_WARN_UNREACHABLE_CODE = YES;
				CLANG_WARN__DUPLICATE_METHOD_MATCH = YES;
				CODE_SIGN_IDENTITY = "iPhone Developer";
				COPY_PHASE_STRIP = NO;
				DEBUG_INFORMATION_FORMAT = dwarf;
				ENABLE_STRICT_OBJC_MSGSEND = YES;
				ENABLE_TESTABILITY = YES;
				GCC_C_LANGUAGE_STANDARD = gnu11;
				GCC_DYNAMIC_NO_PIC = NO;
				GCC_NO_COMMON_BLOCKS = YES;
				GCC_OPTIMIZATION_LEVEL = 0;
				GCC_PREPROCESSOR_DEFINITIONS = (
					"DEBUG=1",
					"$(inherited)",
				);
				GCC_WARN_64_TO_32_BIT_CONVERSION = YES;
				GCC_WARN_ABOUT_RETURN_TYPE = YES_ERROR;
				GCC_WARN_UNDECLARED_SELECTOR = YES;
				GCC_WARN_UNINITIALIZED_AUTOS = YES_AGGRESSIVE;
				GCC_WARN_UNUSED_FUNCTION = YES;
				GCC_WARN_UNUSED_VARIABLE = YES;
				IPHONEOS_DEPLOYMENT_TARGET = 11.3;
				MTL_ENABLE_DEBUG_INFO = YES;
				ONLY_ACTIVE_ARCH = YES;
				SDKROOT = iphoneos;
				SWIFT_ACTIVE_COMPILATION_CONDITIONS = DEBUG;
				SWIFT_OPTIMIZATION_LEVEL = "-Onone";
			};
			name = Debug;
		};
		E8013CAB209334ED002FF92C /* Release */ = {
			isa = XCBuildConfiguration;
			buildSettings = {
				ALWAYS_SEARCH_USER_PATHS = NO;
				CLANG_ANALYZER_NONNULL = YES;
				CLANG_ANALYZER_NUMBER_OBJECT_CONVERSION = YES_AGGRESSIVE;
				CLANG_CXX_LANGUAGE_STANDARD = "gnu++14";
				CLANG_CXX_LIBRARY = "libc++";
				CLANG_ENABLE_MODULES = YES;
				CLANG_ENABLE_OBJC_ARC = YES;
				CLANG_ENABLE_OBJC_WEAK = YES;
				CLANG_WARN_BLOCK_CAPTURE_AUTORELEASING = YES;
				CLANG_WARN_BOOL_CONVERSION = YES;
				CLANG_WARN_COMMA = YES;
				CLANG_WARN_CONSTANT_CONVERSION = YES;
				CLANG_WARN_DEPRECATED_OBJC_IMPLEMENTATIONS = YES;
				CLANG_WARN_DIRECT_OBJC_ISA_USAGE = YES_ERROR;
				CLANG_WARN_DOCUMENTATION_COMMENTS = YES;
				CLANG_WARN_EMPTY_BODY = YES;
				CLANG_WARN_ENUM_CONVERSION = YES;
				CLANG_WARN_INFINITE_RECURSION = YES;
				CLANG_WARN_INT_CONVERSION = YES;
				CLANG_WARN_NON_LITERAL_NULL_CONVERSION = YES;
				CLANG_WARN_OBJC_IMPLICIT_RETAIN_SELF = YES;
				CLANG_WARN_OBJC_LITERAL_CONVERSION = YES;
				CLANG_WARN_OBJC_ROOT_CLASS = YES_ERROR;
				CLANG_WARN_RANGE_LOOP_ANALYSIS = YES;
				CLANG_WARN_STRICT_PROTOTYPES = YES;
				CLANG_WARN_SUSPICIOUS_MOVE = YES;
				CLANG_WARN_UNGUARDED_AVAILABILITY = YES_AGGRESSIVE;
				CLANG_WARN_UNREACHABLE_CODE = YES;
				CLANG_WARN__DUPLICATE_METHOD_MATCH = YES;
				CODE_SIGN_IDENTITY = "iPhone Developer";
				COPY_PHASE_STRIP = NO;
				DEBUG_INFORMATION_FORMAT = "dwarf-with-dsym";
				ENABLE_NS_ASSERTIONS = NO;
				ENABLE_STRICT_OBJC_MSGSEND = YES;
				GCC_C_LANGUAGE_STANDARD = gnu11;
				GCC_NO_COMMON_BLOCKS = YES;
				GCC_WARN_64_TO_32_BIT_CONVERSION = YES;
				GCC_WARN_ABOUT_RETURN_TYPE = YES_ERROR;
				GCC_WARN_UNDECLARED_SELECTOR = YES;
				GCC_WARN_UNINITIALIZED_AUTOS = YES_AGGRESSIVE;
				GCC_WARN_UNUSED_FUNCTION = YES;
				GCC_WARN_UNUSED_VARIABLE = YES;
				IPHONEOS_DEPLOYMENT_TARGET = 11.3;
				MTL_ENABLE_DEBUG_INFO = NO;
				SDKROOT = iphoneos;
				SWIFT_COMPILATION_MODE = wholemodule;
				SWIFT_OPTIMIZATION_LEVEL = "-O";
				VALIDATE_PRODUCT = YES;
			};
			name = Release;
		};
		E8013CAD209334ED002FF92C /* Debug */ = {
			isa = XCBuildConfiguration;
			baseConfigurationReference = 224A6F83E87AB4718D0223EC /* Pods-ESGI-Pocket.debug.xcconfig */;
			buildSettings = {
				ASSETCATALOG_COMPILER_APPICON_NAME = AppIcon;
				CODE_SIGN_STYLE = Automatic;
				DEVELOPMENT_TEAM = YLG8GVX28R;
				INFOPLIST_FILE = "ESGI-Pocket/Info.plist";
				LD_RUNPATH_SEARCH_PATHS = (
					"$(inherited)",
					"@executable_path/Frameworks",
				);
				PRODUCT_BUNDLE_IDENTIFIER = "com.pierrepiron.ESGI-Pocket";
				PRODUCT_NAME = "$(TARGET_NAME)";
				SWIFT_VERSION = 4.0;
				TARGETED_DEVICE_FAMILY = "1,2";
			};
			name = Debug;
		};
		E8013CAE209334ED002FF92C /* Release */ = {
			isa = XCBuildConfiguration;
			baseConfigurationReference = 00FB5176C11AE9100C58CE7F /* Pods-ESGI-Pocket.release.xcconfig */;
			buildSettings = {
				ASSETCATALOG_COMPILER_APPICON_NAME = AppIcon;
				CODE_SIGN_STYLE = Automatic;
				DEVELOPMENT_TEAM = YLG8GVX28R;
				INFOPLIST_FILE = "ESGI-Pocket/Info.plist";
				LD_RUNPATH_SEARCH_PATHS = (
					"$(inherited)",
					"@executable_path/Frameworks",
				);
				PRODUCT_BUNDLE_IDENTIFIER = "com.pierrepiron.ESGI-Pocket";
				PRODUCT_NAME = "$(TARGET_NAME)";
				SWIFT_VERSION = 4.0;
				TARGETED_DEVICE_FAMILY = "1,2";
			};
			name = Release;
		};
/* End XCBuildConfiguration section */

/* Begin XCConfigurationList section */
		E8013C95209334EC002FF92C /* Build configuration list for PBXProject "ESGI-Pocket" */ = {
			isa = XCConfigurationList;
			buildConfigurations = (
				E8013CAA209334ED002FF92C /* Debug */,
				E8013CAB209334ED002FF92C /* Release */,
			);
			defaultConfigurationIsVisible = 0;
			defaultConfigurationName = Release;
		};
		E8013CAC209334ED002FF92C /* Build configuration list for PBXNativeTarget "ESGI-Pocket" */ = {
			isa = XCConfigurationList;
			buildConfigurations = (
				E8013CAD209334ED002FF92C /* Debug */,
				E8013CAE209334ED002FF92C /* Release */,
			);
			defaultConfigurationIsVisible = 0;
			defaultConfigurationName = Release;
		};
/* End XCConfigurationList section */
	};
	rootObject = E8013C92209334EC002FF92C /* Project object */;
}
